
Microsoft Visual Studio Solution File, Format Version 12.00
# Visual Studio 15
VisualStudioVersion = 15.0.27703.2026
MinimumVisualStudioVersion = 10.0.40219.1
Project("{FAE04EC0-301F-11D3-BF4B-00C04F79EFBC}") = "AO2_Rodarte", "AO2_Rodarte\AO2_Rodarte.csproj", "{83061A8C-7F46-4F54-9DD2-29B2F64E1558}"
EndProject
Global
	GlobalSection(SolutionConfigurationPlatforms) = preSolution
		Debug|Any CPU = Debug|Any CPU
		Release|Any CPU = Release|Any CPU
	EndGlobalSection
	GlobalSection(ProjectConfigurationPlatforms) = postSolution
		{83061A8C-7F46-4F54-9DD2-29B2F64E1558}.Debug|Any CPU.ActiveCfg = Debug|Any CPU
		{83061A8C-7F46-4F54-9DD2-29B2F64E1558}.Debug|Any CPU.Build.0 = Debug|Any CPU
		{83061A8C-7F46-4F54-9DD2-29B2F64E1558}.Release|Any CPU.ActiveCfg = Release|Any CPU
		{83061A8C-7F46-4F54-9DD2-29B2F64E1558}.Release|Any CPU.Build.0 = Release|Any CPU
	EndGlobalSection
	GlobalSection(SolutionProperties) = preSolution
		HideSolutionNode = FALSE
	EndGlobalSection
	GlobalSection(ExtensibilityGlobals) = postSolution
		SolutionGuid = {6E0E3A74-9016-47B5-AA8E-8E751B3AF3CD}
	EndGlobalSection
EndGlobal
