
Microsoft Visual Studio Solution File, Format Version 12.00
# Visual Studio 15
VisualStudioVersion = 15.0.27428.2015
MinimumVisualStudioVersion = 10.0.40219.1
Project("{8BC9CEB8-8B4A-11D0-8D11-00A0C91BC942}") = "Assignment7", "Assignment7\Assignment7.vcxproj", "{C195C3B0-6B96-4869-8B33-40EE2722F013}"
EndProject
Global
	GlobalSection(SolutionConfigurationPlatforms) = preSolution
		Debug|x64 = Debug|x64
		Debug|x86 = Debug|x86
		Release|x64 = Release|x64
		Release|x86 = Release|x86
	EndGlobalSection
	GlobalSection(ProjectConfigurationPlatforms) = postSolution
		{C195C3B0-6B96-4869-8B33-40EE2722F013}.Debug|x64.ActiveCfg = Debug|x64
		{C195C3B0-6B96-4869-8B33-40EE2722F013}.Debug|x64.Build.0 = Debug|x64
		{C195C3B0-6B96-4869-8B33-40EE2722F013}.Debug|x86.ActiveCfg = Debug|Win32
		{C195C3B0-6B96-4869-8B33-40EE2722F013}.Debug|x86.Build.0 = Debug|Win32
		{C195C3B0-6B96-4869-8B33-40EE2722F013}.Release|x64.ActiveCfg = Release|x64
		{C195C3B0-6B96-4869-8B33-40EE2722F013}.Release|x64.Build.0 = Release|x64
		{C195C3B0-6B96-4869-8B33-40EE2722F013}.Release|x86.ActiveCfg = Release|Win32
		{C195C3B0-6B96-4869-8B33-40EE2722F013}.Release|x86.Build.0 = Release|Win32
	EndGlobalSection
	GlobalSection(SolutionProperties) = preSolution
		HideSolutionNode = FALSE
	EndGlobalSection
	GlobalSection(ExtensibilityGlobals) = postSolution
		SolutionGuid = {D8A520A4-12FE-4EA0-B695-83AC9EA733A5}
	EndGlobalSection
EndGlobal
