
Microsoft Visual Studio Solution File, Format Version 12.00
# Visual Studio 15
VisualStudioVersion = 15.0.27703.2026
MinimumVisualStudioVersion = 10.0.40219.1
Project("{FAE04EC0-301F-11D3-BF4B-00C04F79EFBC}") = "hallmark", "hallmark\hallmark.csproj", "{3BC70A8C-BB82-41C3-9A9E-E3DE057CBBF7}"
EndProject
Global
	GlobalSection(SolutionConfigurationPlatforms) = preSolution
		Debug|Any CPU = Debug|Any CPU
		Release|Any CPU = Release|Any CPU
	EndGlobalSection
	GlobalSection(ProjectConfigurationPlatforms) = postSolution
		{3BC70A8C-BB82-41C3-9A9E-E3DE057CBBF7}.Debug|Any CPU.ActiveCfg = Debug|Any CPU
		{3BC70A8C-BB82-41C3-9A9E-E3DE057CBBF7}.Debug|Any CPU.Build.0 = Debug|Any CPU
		{3BC70A8C-BB82-41C3-9A9E-E3DE057CBBF7}.Release|Any CPU.ActiveCfg = Release|Any CPU
		{3BC70A8C-BB82-41C3-9A9E-E3DE057CBBF7}.Release|Any CPU.Build.0 = Release|Any CPU
	EndGlobalSection
	GlobalSection(SolutionProperties) = preSolution
		HideSolutionNode = FALSE
	EndGlobalSection
	GlobalSection(ExtensibilityGlobals) = postSolution
		SolutionGuid = {EE44A2D4-0EB1-4E08-8DCE-471E4B3F9E7E}
	EndGlobalSection
EndGlobal
