
Microsoft Visual Studio Solution File, Format Version 12.00
# Visual Studio Version 16
VisualStudioVersion = 16.0.29926.136
MinimumVisualStudioVersion = 10.0.40219.1
Project("{FAE04EC0-301F-11D3-BF4B-00C04F79EFBC}") = "CNIT134MVC", "CNIT134MVC.csproj", "{4F942095-7180-43A7-BED4-861840A02226}"
EndProject
Global
	GlobalSection(SolutionConfigurationPlatforms) = preSolution
		Debug|Any CPU = Debug|Any CPU
		Release|Any CPU = Release|Any CPU
	EndGlobalSection
	GlobalSection(ProjectConfigurationPlatforms) = postSolution
		{4F942095-7180-43A7-BED4-861840A02226}.Debug|Any CPU.ActiveCfg = Debug|Any CPU
		{4F942095-7180-43A7-BED4-861840A02226}.Debug|Any CPU.Build.0 = Debug|Any CPU
		{4F942095-7180-43A7-BED4-861840A02226}.Release|Any CPU.ActiveCfg = Release|Any CPU
		{4F942095-7180-43A7-BED4-861840A02226}.Release|Any CPU.Build.0 = Release|Any CPU
	EndGlobalSection
	GlobalSection(SolutionProperties) = preSolution
		HideSolutionNode = FALSE
	EndGlobalSection
	GlobalSection(ExtensibilityGlobals) = postSolution
		SolutionGuid = {D7181261-3B97-42F7-AF7B-0DAE576A6E57}
	EndGlobalSection
EndGlobal
